
Microsoft Visual Studio Solution File, Format Version 12.00
# Visual Studio Version 16
VisualStudioVersion = 16.0.29230.47
MinimumVisualStudioVersion = 10.0.40219.1
Project("{8BC9CEB8-8B4A-11D0-8D11-00A0C91BC942}") = "plainECS", "plainECS\plainECS.vcxproj", "{2BDE3373-5203-419C-89E8-A30576F76AAF}"
EndProject
Project("{8BC9CEB8-8B4A-11D0-8D11-00A0C91BC942}") = "example_usage", "example_usage\example_usage.vcxproj", "{C39D87F8-5E8D-4351-81BC-791E54821162}"
EndProject
Global
	GlobalSection(SolutionConfigurationPlatforms) = preSolution
		Debug|x64 = Debug|x64
		Debug|x86 = Debug|x86
		Release|x64 = Release|x64
		Release|x86 = Release|x86
	EndGlobalSection
	GlobalSection(ProjectConfigurationPlatforms) = postSolution
		{2BDE3373-5203-419C-89E8-A30576F76AAF}.Debug|x64.ActiveCfg = Debug|x64
		{2BDE3373-5203-419C-89E8-A30576F76AAF}.Debug|x64.Build.0 = Debug|x64
		{2BDE3373-5203-419C-89E8-A30576F76AAF}.Debug|x86.ActiveCfg = Debug|Win32
		{2BDE3373-5203-419C-89E8-A30576F76AAF}.Debug|x86.Build.0 = Debug|Win32
		{2BDE3373-5203-419C-89E8-A30576F76AAF}.Release|x64.ActiveCfg = Release|x64
		{2BDE3373-5203-419C-89E8-A30576F76AAF}.Release|x64.Build.0 = Release|x64
		{2BDE3373-5203-419C-89E8-A30576F76AAF}.Release|x86.ActiveCfg = Release|Win32
		{2BDE3373-5203-419C-89E8-A30576F76AAF}.Release|x86.Build.0 = Release|Win32
		{C39D87F8-5E8D-4351-81BC-791E54821162}.Debug|x64.ActiveCfg = Debug|x64
		{C39D87F8-5E8D-4351-81BC-791E54821162}.Debug|x64.Build.0 = Debug|x64
		{C39D87F8-5E8D-4351-81BC-791E54821162}.Debug|x86.ActiveCfg = Debug|Win32
		{C39D87F8-5E8D-4351-81BC-791E54821162}.Debug|x86.Build.0 = Debug|Win32
		{C39D87F8-5E8D-4351-81BC-791E54821162}.Release|x64.ActiveCfg = Release|x64
		{C39D87F8-5E8D-4351-81BC-791E54821162}.Release|x64.Build.0 = Release|x64
		{C39D87F8-5E8D-4351-81BC-791E54821162}.Release|x86.ActiveCfg = Release|Win32
		{C39D87F8-5E8D-4351-81BC-791E54821162}.Release|x86.Build.0 = Release|Win32
	EndGlobalSection
	GlobalSection(SolutionProperties) = preSolution
		HideSolutionNode = FALSE
	EndGlobalSection
	GlobalSection(ExtensibilityGlobals) = postSolution
		SolutionGuid = {051A6B10-AFBE-4B5B-A653-0BB35256AD7E}
	EndGlobalSection
EndGlobal
